
Microsoft Visual Studio Solution File, Format Version 12.00
# Visual Studio Version 16
VisualStudioVersion = 16.0.33214.272
MinimumVisualStudioVersion = 10.0.40219.1
Project("{FAE04EC0-301F-11D3-BF4B-00C04F79EFBC}") = "CW6WPF", "CW6WPF\CW6WPF.csproj", "{90B08165-1B17-4613-A383-9C903F39622E}"
EndProject
Global
	GlobalSection(SolutionConfigurationPlatforms) = preSolution
		Debug|Any CPU = Debug|Any CPU
		Release|Any CPU = Release|Any CPU
	EndGlobalSection
	GlobalSection(ProjectConfigurationPlatforms) = postSolution
		{90B08165-1B17-4613-A383-9C903F39622E}.Debug|Any CPU.ActiveCfg = Debug|Any CPU
		{90B08165-1B17-4613-A383-9C903F39622E}.Debug|Any CPU.Build.0 = Debug|Any CPU
		{90B08165-1B17-4613-A383-9C903F39622E}.Release|Any CPU.ActiveCfg = Release|Any CPU
		{90B08165-1B17-4613-A383-9C903F39622E}.Release|Any CPU.Build.0 = Release|Any CPU
	EndGlobalSection
	GlobalSection(SolutionProperties) = preSolution
		HideSolutionNode = FALSE
	EndGlobalSection
	GlobalSection(ExtensibilityGlobals) = postSolution
		SolutionGuid = {70BEC73E-0CF2-45DB-A6F6-E3A28D519E73}
	EndGlobalSection
EndGlobal
